{
  "name": "keystore",
  "version": "1.0.0",
  "lockfileVersion": 3,
  "requires": true,
  "packages": {
    "": {
      "name": "keystore",
      "version": "1.0.0",
      "license": "ISC",
      "dependencies": {
        "escprint": "^1.0.2"
      }
    },
    "node_modules/escprint": {
      "version": "1.0.2",
      "resolved": "https://registry.npmjs.org/escprint/-/escprint-1.0.2.tgz",
      "integrity": "sha512-7SFPEzvZsPXq5KUITjHuZhRlRcgvC2BcaHaPbmLFEu/vzGkgjKd6Itz+Z81ks3MfFrvcWgQOURU0zjYlfr2YfA=="
    }
  }
}
